{
  "name": "snmptestbed",
  "version": "1.0.0",
  "lockfileVersion": 1,
  "requires": true,
  "dependencies": {
    "asn1-ber": {
      "version": "1.0.9",
      "resolved": "https://registry.npm.taobao.org/asn1-ber/download/asn1-ber-1.0.9.tgz",
      "integrity": "sha1-D0j3Cdn5qVPhjP4rimKmySbFRRo="
    },
    "net-snmp": {
      "version": "2.5.6",
      "resolved": "https://registry.npm.taobao.org/net-snmp/download/net-snmp-2.5.6.tgz",
      "integrity": "sha1-Hdgo0hNNyE41BXLp3zB3rpZ/8RA=",
      "requires": {
        "asn1-ber": "*"
      }
    }
  }
}
